
Microsoft Visual Studio Solution File, Format Version 12.00
# Visual Studio Version 17
VisualStudioVersion = 17.3.32811.315
MinimumVisualStudioVersion = 10.0.40219.1
Project("{8BC9CEB8-8B4A-11D0-8D11-00A0C91BC942}") = "Multiple Squares", "Multiple Squares\Multiple Squares.vcxproj", "{A700DA92-D496-4819-A2FA-0B072F326230}"
EndProject
Global
	GlobalSection(SolutionConfigurationPlatforms) = preSolution
		Debug|x64 = Debug|x64
		Debug|x86 = Debug|x86
		Release|x64 = Release|x64
		Release|x86 = Release|x86
	EndGlobalSection
	GlobalSection(ProjectConfigurationPlatforms) = postSolution
		{A700DA92-D496-4819-A2FA-0B072F326230}.Debug|x64.ActiveCfg = Debug|x64
		{A700DA92-D496-4819-A2FA-0B072F326230}.Debug|x64.Build.0 = Debug|x64
		{A700DA92-D496-4819-A2FA-0B072F326230}.Debug|x86.ActiveCfg = Debug0|Win32
		{A700DA92-D496-4819-A2FA-0B072F326230}.Release|x64.ActiveCfg = Release|x64
		{A700DA92-D496-4819-A2FA-0B072F326230}.Release|x64.Build.0 = Release|x64
		{A700DA92-D496-4819-A2FA-0B072F326230}.Release|x86.ActiveCfg = Release|Win32
		{A700DA92-D496-4819-A2FA-0B072F326230}.Release|x86.Build.0 = Release|Win32
	EndGlobalSection
	GlobalSection(SolutionProperties) = preSolution
		HideSolutionNode = FALSE
	EndGlobalSection
	GlobalSection(ExtensibilityGlobals) = postSolution
		SolutionGuid = {1F8FF4CA-3295-4AE4-97FF-6423CE25DE1D}
	EndGlobalSection
EndGlobal
